// !$*UTF8*$!
{
	archiveVersion = 1;
	classes = {
	};
	objectVersion = 55;
	objects = {

/* Begin PBXBuildFile section */
		351D6DED284E362F007B927C /* SwiftUIStudyApp.swift in Sources */ = {isa = PBXBuildFile; fileRef = 351D6DEC284E362F007B927C /* SwiftUIStudyApp.swift */; };
		351D6DEF284E362F007B927C /* ContentView.swift in Sources */ = {isa = PBXBuildFile; fileRef = 351D6DEE284E362F007B927C /* ContentView.swift */; };
		351D6DF1284E3630007B927C /* Assets.xcassets in Resources */ = {isa = PBXBuildFile; fileRef = 351D6DF0284E3630007B927C /* Assets.xcassets */; };
		351D6DF4284E3630007B927C /* Preview Assets.xcassets in Resources */ = {isa = PBXBuildFile; fileRef = 351D6DF3284E3630007B927C /* Preview Assets.xcassets */; };
		351D6DFE284E3630007B927C /* SwiftUIStudyTests.swift in Sources */ = {isa = PBXBuildFile; fileRef = 351D6DFD284E3630007B927C /* SwiftUIStudyTests.swift */; };
		351D6E08284E3630007B927C /* SwiftUIStudyUITests.swift in Sources */ = {isa = PBXBuildFile; fileRef = 351D6E07284E3630007B927C /* SwiftUIStudyUITests.swift */; };
		351D6E0A284E3630007B927C /* SwiftUIStudyUITestsLaunchTests.swift in Sources */ = {isa = PBXBuildFile; fileRef = 351D6E09284E3630007B927C /* SwiftUIStudyUITestsLaunchTests.swift */; };
/* End PBXBuildFile section */

/* Begin PBXContainerItemProxy section */
		351D6DFA284E3630007B927C /* PBXContainerItemProxy */ = {
			isa = PBXContainerItemProxy;
			containerPortal = 351D6DE1284E362F007B927C /* Project object */;
			proxyType = 1;
			remoteGlobalIDString = 351D6DE8284E362F007B927C;
			remoteInfo = SwiftUIStudy;
		};
		351D6E04284E3630007B927C /* PBXContainerItemProxy */ = {
			isa = PBXContainerItemProxy;
			containerPortal = 351D6DE1284E362F007B927C /* Project object */;
			proxyType = 1;
			remoteGlobalIDString = 351D6DE8284E362F007B927C;
			remoteInfo = SwiftUIStudy;
		};
/* End PBXContainerItemProxy section */

/* Begin PBXFileReference section */
		351D6DE9284E362F007B927C /* SwiftUIStudy.app */ = {isa = PBXFileReference; explicitFileType = wrapper.application; includeInIndex = 0; path = SwiftUIStudy.app; sourceTree = BUILT_PRODUCTS_DIR; };
		351D6DEC284E362F007B927C /* SwiftUIStudyApp.swift */ = {isa = PBXFileReference; lastKnownFileType = sourcecode.swift; path = SwiftUIStudyApp.swift; sourceTree = "<group>"; };
		351D6DEE284E362F007B927C /* ContentView.swift */ = {isa = PBXFileReference; lastKnownFileType = sourcecode.swift; path = ContentView.swift; sourceTree = "<group>"; };
		351D6DF0284E3630007B927C /* Assets.xcassets */ = {isa = PBXFileReference; lastKnownFileType = folder.assetcatalog; path = Assets.xcassets; sourceTree = "<group>"; };
		351D6DF3284E3630007B927C /* Preview Assets.xcassets */ = {isa = PBXFileReference; lastKnownFileType = folder.assetcatalog; path = "Preview Assets.xcassets"; sourceTree = "<group>"; };
		351D6DF9284E3630007B927C /* SwiftUIStudyTests.xctest */ = {isa = PBXFileReference; explicitFileType = wrapper.cfbundle; includeInIndex = 0; path = SwiftUIStudyTests.xctest; sourceTree = BUILT_PRODUCTS_DIR; };
		351D6DFD284E3630007B927C /* SwiftUIStudyTests.swift */ = {isa = PBXFileReference; lastKnownFileType = sourcecode.swift; path = SwiftUIStudyTests.swift; sourceTree = "<group>"; };
		351D6E03284E3630007B927C /* SwiftUIStudyUITests.xctest */ = {isa = PBXFileReference; explicitFileType = wrapper.cfbundle; includeInIndex = 0; path = SwiftUIStudyUITests.xctest; sourceTree = BUILT_PRODUCTS_DIR; };
		351D6E07284E3630007B927C /* SwiftUIStudyUITests.swift */ = {isa = PBXFileReference; lastKnownFileType = sourcecode.swift; path = SwiftUIStudyUITests.swift; sourceTree = "<group>"; };
		351D6E09284E3630007B927C /* SwiftUIStudyUITestsLaunchTests.swift */ = {isa = PBXFileReference; lastKnownFileType = sourcecode.swift; path = SwiftUIStudyUITestsLaunchTests.swift; sourceTree = "<group>"; };
/* End PBXFileReference section */

/* Begin PBXFrameworksBuildPhase section */
		351D6DE6284E362F007B927C /* Frameworks */ = {
			isa = PBXFrameworksBuildPhase;
			buildActionMask = 2147483647;
			files = (
			);
			runOnlyForDeploymentPostprocessing = 0;
		};
		351D6DF6284E3630007B927C /* Frameworks */ = {
			isa = PBXFrameworksBuildPhase;
			buildActionMask = 2147483647;
			files = (
			);
			runOnlyForDeploymentPostprocessing = 0;
		};
		351D6E00284E3630007B927C /* Frameworks */ = {
			isa = PBXFrameworksBuildPhase;
			buildActionMask = 2147483647;
			files = (
			);
			runOnlyForDeploymentPostprocessing = 0;
		};
/* End PBXFrameworksBuildPhase section */

/* Begin PBXGroup section */
		351D6DE0284E362F007B927C = {
			isa = PBXGroup;
			children = (
				351D6DEB284E362F007B927C /* SwiftUIStudy */,
				351D6DFC284E3630007B927C /* SwiftUIStudyTests */,
				351D6E06284E3630007B927C /* SwiftUIStudyUITests */,
				351D6DEA284E362F007B927C /* Products */,
			);
			sourceTree = "<group>";
		};
		351D6DEA284E362F007B927C /* Products */ = {
			isa = PBXGroup;
			children = (
				351D6DE9284E362F007B927C /* SwiftUIStudy.app */,
				351D6DF9284E3630007B927C /* SwiftUIStudyTests.xctest */,
				351D6E03284E3630007B927C /* SwiftUIStudyUITests.xctest */,
			);
			name = Products;
			sourceTree = "<group>";
		};
		351D6DEB284E362F007B927C /* SwiftUIStudy */ = {
			isa = PBXGroup;
			children = (
				351D6DEC284E362F007B927C /* SwiftUIStudyApp.swift */,
				351D6DEE284E362F007B927C /* ContentView.swift */,
				351D6DF0284E3630007B927C /* Assets.xcassets */,
				351D6DF2284E3630007B927C /* Preview Content */,
			);
			path = SwiftUIStudy;
			sourceTree = "<group>";
		};
		351D6DF2284E3630007B927C /* Preview Content */ = {
			isa = PBXGroup;
			children = (
				351D6DF3284E3630007B927C /* Preview Assets.xcassets */,
			);
			path = "Preview Content";
			sourceTree = "<group>";
		};
		351D6DFC284E3630007B927C /* SwiftUIStudyTests */ = {
			isa = PBXGroup;
			children = (
				351D6DFD284E3630007B927C /* SwiftUIStudyTests.swift */,
			);
			path = SwiftUIStudyTests;
			sourceTree = "<group>";
		};
		351D6E06284E3630007B927C /* SwiftUIStudyUITests */ = {
			isa = PBXGroup;
			children = (
				351D6E07284E3630007B927C /* SwiftUIStudyUITests.swift */,
				351D6E09284E3630007B927C /* SwiftUIStudyUITestsLaunchTests.swift */,
			);
			path = SwiftUIStudyUITests;
			sourceTree = "<group>";
		};
/* End PBXGroup section */

/* Begin PBXNativeTarget section */
		351D6DE8284E362F007B927C /* SwiftUIStudy */ = {
			isa = PBXNativeTarget;
			buildConfigurationList = 351D6E0D284E3630007B927C /* Build configuration list for PBXNativeTarget "SwiftUIStudy" */;
			buildPhases = (
				351D6DE5284E362F007B927C /* Sources */,
				351D6DE6284E362F007B927C /* Frameworks */,
				351D6DE7284E362F007B927C /* Resources */,
			);
			buildRules = (
			);
			dependencies = (
			);
			name = SwiftUIStudy;
			productName = SwiftUIStudy;
			productReference = 351D6DE9284E362F007B927C /* SwiftUIStudy.app */;
			productType = "com.apple.product-type.application";
		};
		351D6DF8284E3630007B927C /* SwiftUIStudyTests */ = {
			isa = PBXNativeTarget;
			buildConfigurationList = 351D6E10284E3630007B927C /* Build configuration list for PBXNativeTarget "SwiftUIStudyTests" */;
			buildPhases = (
				351D6DF5284E3630007B927C /* Sources */,
				351D6DF6284E3630007B927C /* Frameworks */,
				351D6DF7284E3630007B927C /* Resources */,
			);
			buildRules = (
			);
			dependencies = (
				351D6DFB284E3630007B927C /* PBXTargetDependency */,
			);
			name = SwiftUIStudyTests;
			productName = SwiftUIStudyTests;
			productReference = 351D6DF9284E3630007B927C /* SwiftUIStudyTests.xctest */;
			productType = "com.apple.product-type.bundle.unit-test";
		};
		351D6E02284E3630007B927C /* SwiftUIStudyUITests */ = {
			isa = PBXNativeTarget;
			buildConfigurationList = 351D6E13284E3630007B927C /* Build configuration list for PBXNativeTarget "SwiftUIStudyUITests" */;
			buildPhases = (
				351D6DFF284E3630007B927C /* Sources */,
				351D6E00284E3630007B927C /* Frameworks */,
				351D6E01284E3630007B927C /* Resources */,
			);
			buildRules = (
			);
			dependencies = (
				351D6E05284E3630007B927C /* PBXTargetDependency */,
			);
			name = SwiftUIStudyUITests;
			productName = SwiftUIStudyUITests;
			productReference = 351D6E03284E3630007B927C /* SwiftUIStudyUITests.xctest */;
			productType = "com.apple.product-type.bundle.ui-testing";
		};
/* End PBXNativeTarget section */

/* Begin PBXProject section */
		351D6DE1284E362F007B927C /* Project object */ = {
			isa = PBXProject;
			attributes = {
				BuildIndependentTargetsInParallel = 1;
				LastSwiftUpdateCheck = 1340;
				LastUpgradeCheck = 1340;
				TargetAttributes = {
					351D6DE8284E362F007B927C = {
						CreatedOnToolsVersion = 13.4.1;
					};
					351D6DF8284E3630007B927C = {
						CreatedOnToolsVersion = 13.4.1;
						TestTargetID = 351D6DE8284E362F007B927C;
					};
					351D6E02284E3630007B927C = {
						CreatedOnToolsVersion = 13.4.1;
						TestTargetID = 351D6DE8284E362F007B927C;
					};
				};
			};
			buildConfigurationList = 351D6DE4284E362F007B927C /* Build configuration list for PBXProject "SwiftUIStudy" */;
			compatibilityVersion = "Xcode 13.0";
			developmentRegion = en;
			hasScannedForEncodings = 0;
			knownRegions = (
				en,
				Base,
			);
			mainGroup = 351D6DE0284E362F007B927C;
			productRefGroup = 351D6DEA284E362F007B927C /* Products */;
			projectDirPath = "";
			projectRoot = "";
			targets = (
				351D6DE8284E362F007B927C /* SwiftUIStudy */,
				351D6DF8284E3630007B927C /* SwiftUIStudyTests */,
				351D6E02284E3630007B927C /* SwiftUIStudyUITests */,
			);
		};
/* End PBXProject section */

/* Begin PBXResourcesBuildPhase section */
		351D6DE7284E362F007B927C /* Resources */ = {
			isa = PBXResourcesBuildPhase;
			buildActionMask = 2147483647;
			files = (
				351D6DF4284E3630007B927C /* Preview Assets.xcassets in Resources */,
				351D6DF1284E3630007B927C /* Assets.xcassets in Resources */,
			);
			runOnlyForDeploymentPostprocessing = 0;
		};
		351D6DF7284E3630007B927C /* Resources */ = {
			isa = PBXResourcesBuildPhase;
			buildActionMask = 2147483647;
			files = (
			);
			runOnlyForDeploymentPostprocessing = 0;
		};
		351D6E01284E3630007B927C /* Resources */ = {
			isa = PBXResourcesBuildPhase;
			buildActionMask = 2147483647;
			files = (
			);
			runOnlyForDeploymentPostprocessing = 0;
		};
/* End PBXResourcesBuildPhase section */

/* Begin PBXSourcesBuildPhase section */
		351D6DE5284E362F007B927C /* Sources */ = {
			isa = PBXSourcesBuildPhase;
			buildActionMask = 2147483647;
			files = (
				351D6DEF284E362F007B927C /* ContentView.swift in Sources */,
				351D6DED284E362F007B927C /* SwiftUIStudyApp.swift in Sources */,
			);
			runOnlyForDeploymentPostprocessing = 0;
		};
		351D6DF5284E3630007B927C /* Sources */ = {
			isa = PBXSourcesBuildPhase;
			buildActionMask = 2147483647;
			files = (
				351D6DFE284E3630007B927C /* SwiftUIStudyTests.swift in Sources */,
			);
			runOnlyForDeploymentPostprocessing = 0;
		};
		351D6DFF284E3630007B927C /* Sources */ = {
			isa = PBXSourcesBuildPhase;
			buildActionMask = 2147483647;
			files = (
				351D6E0A284E3630007B927C /* SwiftUIStudyUITestsLaunchTests.swift in Sources */,
				351D6E08284E3630007B927C /* SwiftUIStudyUITests.swift in Sources */,
			);
			runOnlyForDeploymentPostprocessing = 0;
		};
/* End PBXSourcesBuildPhase section */

/* Begin PBXTargetDependency section */
		351D6DFB284E3630007B927C /* PBXTargetDependency */ = {
			isa = PBXTargetDependency;
			target = 351D6DE8284E362F007B927C /* SwiftUIStudy */;
			targetProxy = 351D6DFA284E3630007B927C /* PBXContainerItemProxy */;
		};
		351D6E05284E3630007B927C /* PBXTargetDependency */ = {
			isa = PBXTargetDependency;
			target = 351D6DE8284E362F007B927C /* SwiftUIStudy */;
			targetProxy = 351D6E04284E3630007B927C /* PBXContainerItemProxy */;
		};
/* End PBXTargetDependency section */

/* Begin XCBuildConfiguration section */
		351D6E0B284E3630007B927C /* Debug */ = {
			isa = XCBuildConfiguration;
			buildSettings = {
				ALWAYS_SEARCH_USER_PATHS = NO;
				CLANG_ANALYZER_NONNULL = YES;
				CLANG_ANALYZER_NUMBER_OBJECT_CONVERSION = YES_AGGRESSIVE;
				CLANG_CXX_LANGUAGE_STANDARD = "gnu++17";
				CLANG_ENABLE_MODULES = YES;
				CLANG_ENABLE_OBJC_ARC = YES;
				CLANG_ENABLE_OBJC_WEAK = YES;
				CLANG_WARN_BLOCK_CAPTURE_AUTORELEASING = YES;
				CLANG_WARN_BOOL_CONVERSION = YES;
				CLANG_WARN_COMMA = YES;
				CLANG_WARN_CONSTANT_CONVERSION = YES;
				CLANG_WARN_DEPRECATED_OBJC_IMPLEMENTATIONS = YES;
				CLANG_WARN_DIRECT_OBJC_ISA_USAGE = YES_ERROR;
				CLANG_WARN_DOCUMENTATION_COMMENTS = YES;
				CLANG_WARN_EMPTY_BODY = YES;
				CLANG_WARN_ENUM_CONVERSION = YES;
				CLANG_WARN_INFINITE_RECURSION = YES;
				CLANG_WARN_INT_CONVERSION = YES;
				CLANG_WARN_NON_LITERAL_NULL_CONVERSION = YES;
				CLANG_WARN_OBJC_IMPLICIT_RETAIN_SELF = YES;
				CLANG_WARN_OBJC_LITERAL_CONVERSION = YES;
				CLANG_WARN_OBJC_ROOT_CLASS = YES_ERROR;
				CLANG_WARN_QUOTED_INCLUDE_IN_FRAMEWORK_HEADER = YES;
				CLANG_WARN_RANGE_LOOP_ANALYSIS = YES;
				CLANG_WARN_STRICT_PROTOTYPES = YES;
				CLANG_WARN_SUSPICIOUS_MOVE = YES;
				CLANG_WARN_UNGUARDED_AVAILABILITY = YES_AGGRESSIVE;
				CLANG_WARN_UNREACHABLE_CODE = YES;
				CLANG_WARN__DUPLICATE_METHOD_MATCH = YES;
				COPY_PHASE_STRIP = NO;
				DEBUG_INFORMATION_FORMAT = dwarf;
				ENABLE_STRICT_OBJC_MSGSEND = YES;
				ENABLE_TESTABILITY = YES;
				GCC_C_LANGUAGE_STANDARD = gnu11;
				GCC_DYNAMIC_NO_PIC = NO;
				GCC_NO_COMMON_BLOCKS = YES;
				GCC_OPTIMIZATION_LEVEL = 0;
				GCC_PREPROCESSOR_DEFINITIONS = (
					"DEBUG=1",
					"$(inherited)",
				);
				GCC_WARN_64_TO_32_BIT_CONVERSION = YES;
				GCC_WARN_ABOUT_RETURN_TYPE = YES_ERROR;
				GCC_WARN_UNDECLARED_SELECTOR = YES;
				GCC_WARN_UNINITIALIZED_AUTOS = YES_AGGRESSIVE;
				GCC_WARN_UNUSED_FUNCTION = YES;
				GCC_WARN_UNUSED_VARIABLE = YES;
				IPHONEOS_DEPLOYMENT_TARGET = 15.5;
				MTL_ENABLE_DEBUG_INFO = INCLUDE_SOURCE;
				MTL_FAST_MATH = YES;
				ONLY_ACTIVE_ARCH = YES;
				SDKROOT = iphoneos;
				SWIFT_ACTIVE_COMPILATION_CONDITIONS = DEBUG;
				SWIFT_OPTIMIZATION_LEVEL = "-Onone";
			};
			name = Debug;
		};
		351D6E0C284E3630007B927C /* Release */ = {
			isa = XCBuildConfiguration;
			buildSettings = {
				ALWAYS_SEARCH_USER_PATHS = NO;
				CLANG_ANALYZER_NONNULL = YES;
				CLANG_ANALYZER_NUMBER_OBJECT_CONVERSION = YES_AGGRESSIVE;
				CLANG_CXX_LANGUAGE_STANDARD = "gnu++17";
				CLANG_ENABLE_MODULES = YES;
				CLANG_ENABLE_OBJC_ARC = YES;
				CLANG_ENABLE_OBJC_WEAK = YES;
				CLANG_WARN_BLOCK_CAPTURE_AUTORELEASING = YES;
				CLANG_WARN_BOOL_CONVERSION = YES;
				CLANG_WARN_COMMA = YES;
				CLANG_WARN_CONSTANT_CONVERSION = YES;
				CLANG_WARN_DEPRECATED_OBJC_IMPLEMENTATIONS = YES;
				CLANG_WARN_DIRECT_OBJC_ISA_USAGE = YES_ERROR;
				CLANG_WARN_DOCUMENTATION_COMMENTS = YES;
				CLANG_WARN_EMPTY_BODY = YES;
				CLANG_WARN_ENUM_CONVERSION = YES;
				CLANG_WARN_INFINITE_RECURSION = YES;
				CLANG_WARN_INT_CONVERSION = YES;
				CLANG_WARN_NON_LITERAL_NULL_CONVERSION = YES;
				CLANG_WARN_OBJC_IMPLICIT_RETAIN_SELF = YES;
				CLANG_WARN_OBJC_LITERAL_CONVERSION = YES;
				CLANG_WARN_OBJC_ROOT_CLASS = YES_ERROR;
				CLANG_WARN_QUOTED_INCLUDE_IN_FRAMEWORK_HEADER = YES;
				CLANG_WARN_RANGE_LOOP_ANALYSIS = YES;
				CLANG_WARN_STRICT_PROTOTYPES = YES;
				CLANG_WARN_SUSPICIOUS_MOVE = YES;
				CLANG_WARN_UNGUARDED_AVAILABILITY = YES_AGGRESSIVE;
				CLANG_WARN_UNREACHABLE_CODE = YES;
				CLANG_WARN__DUPLICATE_METHOD_MATCH = YES;
				COPY_PHASE_STRIP = NO;
				DEBUG_INFORMATION_FORMAT = "dwarf-with-dsym";
				ENABLE_NS_ASSERTIONS = NO;
				ENABLE_STRICT_OBJC_MSGSEND = YES;
				GCC_C_LANGUAGE_STANDARD = gnu11;
				GCC_NO_COMMON_BLOCKS = YES;
				GCC_WARN_64_TO_32_BIT_CONVERSION = YES;
				GCC_WARN_ABOUT_RETURN_TYPE = YES_ERROR;
				GCC_WARN_UNDECLARED_SELECTOR = YES;
				GCC_WARN_UNINITIALIZED_AUTOS = YES_AGGRESSIVE;
				GCC_WARN_UNUSED_FUNCTION = YES;
				GCC_WARN_UNUSED_VARIABLE = YES;
				IPHONEOS_DEPLOYMENT_TARGET = 15.5;
				MTL_ENABLE_DEBUG_INFO = NO;
				MTL_FAST_MATH = YES;
				SDKROOT = iphoneos;
				SWIFT_COMPILATION_MODE = wholemodule;
				SWIFT_OPTIMIZATION_LEVEL = "-O";
				VALIDATE_PRODUCT = YES;
			};
			name = Release;
		};
		351D6E0E284E3630007B927C /* Debug */ = {
			isa = XCBuildConfiguration;
			buildSettings = {
				ASSETCATALOG_COMPILER_APPICON_NAME = AppIcon;
				ASSETCATALOG_COMPILER_GLOBAL_ACCENT_COLOR_NAME = AccentColor;
				CODE_SIGN_STYLE = Automatic;
				CURRENT_PROJECT_VERSION = 1;
				DEVELOPMENT_ASSET_PATHS = "\"SwiftUIStudy/Preview Content\"";
				ENABLE_PREVIEWS = YES;
				GENERATE_INFOPLIST_FILE = YES;
				INFOPLIST_KEY_UIApplicationSceneManifest_Generation = YES;
				INFOPLIST_KEY_UIApplicationSupportsIndirectInputEvents = YES;
				INFOPLIST_KEY_UILaunchScreen_Generation = YES;
				INFOPLIST_KEY_UISupportedInterfaceOrientations_iPad = "UIInterfaceOrientationPortrait UIInterfaceOrientationPortraitUpsideDown UIInterfaceOrientationLandscapeLeft UIInterfaceOrientationLandscapeRight";
				INFOPLIST_KEY_UISupportedInterfaceOrientations_iPhone = "UIInterfaceOrientationPortrait UIInterfaceOrientationLandscapeLeft UIInterfaceOrientationLandscapeRight";
				LD_RUNPATH_SEARCH_PATHS = (
					"$(inherited)",
					"@executable_path/Frameworks",
				);
				MARKETING_VERSION = 1.0;
				PRODUCT_BUNDLE_IDENTIFIER = com.JungJaeGeun.SwiftUIStudy;
				PRODUCT_NAME = "$(TARGET_NAME)";
				SWIFT_EMIT_LOC_STRINGS = YES;
				SWIFT_VERSION = 5.0;
				TARGETED_DEVICE_FAMILY = "1,2";
			};
			name = Debug;
		};
		351D6E0F284E3630007B927C /* Release */ = {
			isa = XCBuildConfiguration;
			buildSettings = {
				ASSETCATALOG_COMPILER_APPICON_NAME = AppIcon;
				ASSETCATALOG_COMPILER_GLOBAL_ACCENT_COLOR_NAME = AccentColor;
				CODE_SIGN_STYLE = Automatic;
				CURRENT_PROJECT_VERSION = 1;
				DEVELOPMENT_ASSET_PATHS = "\"SwiftUIStudy/Preview Content\"";
				ENABLE_PREVIEWS = YES;
				GENERATE_INFOPLIST_FILE = YES;
				INFOPLIST_KEY_UIApplicationSceneManifest_Generation = YES;
				INFOPLIST_KEY_UIApplicationSupportsIndirectInputEvents = YES;
				INFOPLIST_KEY_UILaunchScreen_Generation = YES;
				INFOPLIST_KEY_UISupportedInterfaceOrientations_iPad = "UIInterfaceOrientationPortrait UIInterfaceOrientationPortraitUpsideDown UIInterfaceOrientationLandscapeLeft UIInterfaceOrientationLandscapeRight";
				INFOPLIST_KEY_UISupportedInterfaceOrientations_iPhone = "UIInterfaceOrientationPortrait UIInterfaceOrientationLandscapeLeft UIInterfaceOrientationLandscapeRight";
				LD_RUNPATH_SEARCH_PATHS = (
					"$(inherited)",
					"@executable_path/Frameworks",
				);
				MARKETING_VERSION = 1.0;
				PRODUCT_BUNDLE_IDENTIFIER = com.JungJaeGeun.SwiftUIStudy;
				PRODUCT_NAME = "$(TARGET_NAME)";
				SWIFT_EMIT_LOC_STRINGS = YES;
				SWIFT_VERSION = 5.0;
				TARGETED_DEVICE_FAMILY = "1,2";
			};
			name = Release;
		};
		351D6E11284E3630007B927C /* Debug */ = {
			isa = XCBuildConfiguration;
			buildSettings = {
				ALWAYS_EMBED_SWIFT_STANDARD_LIBRARIES = YES;
				BUNDLE_LOADER = "$(TEST_HOST)";
				CODE_SIGN_STYLE = Automatic;
				CURRENT_PROJECT_VERSION = 1;
				GENERATE_INFOPLIST_FILE = YES;
				IPHONEOS_DEPLOYMENT_TARGET = 15.5;
				MARKETING_VERSION = 1.0;
				PRODUCT_BUNDLE_IDENTIFIER = com.JungJaeGeun.SwiftUIStudyTests;
				PRODUCT_NAME = "$(TARGET_NAME)";
				SWIFT_EMIT_LOC_STRINGS = NO;
				SWIFT_VERSION = 5.0;
				TARGETED_DEVICE_FAMILY = "1,2";
				TEST_HOST = "$(BUILT_PRODUCTS_DIR)/SwiftUIStudy.app/SwiftUIStudy";
			};
			name = Debug;
		};
		351D6E12284E3630007B927C /* Release */ = {
			isa = XCBuildConfiguration;
			buildSettings = {
				ALWAYS_EMBED_SWIFT_STANDARD_LIBRARIES = YES;
				BUNDLE_LOADER = "$(TEST_HOST)";
				CODE_SIGN_STYLE = Automatic;
				CURRENT_PROJECT_VERSION = 1;
				GENERATE_INFOPLIST_FILE = YES;
				IPHONEOS_DEPLOYMENT_TARGET = 15.5;
				MARKETING_VERSION = 1.0;
				PRODUCT_BUNDLE_IDENTIFIER = com.JungJaeGeun.SwiftUIStudyTests;
				PRODUCT_NAME = "$(TARGET_NAME)";
				SWIFT_EMIT_LOC_STRINGS = NO;
				SWIFT_VERSION = 5.0;
				TARGETED_DEVICE_FAMILY = "1,2";
				TEST_HOST = "$(BUILT_PRODUCTS_DIR)/SwiftUIStudy.app/SwiftUIStudy";
			};
			name = Release;
		};
		351D6E14284E3630007B927C /* Debug */ = {
			isa = XCBuildConfiguration;
			buildSettings = {
				ALWAYS_EMBED_SWIFT_STANDARD_LIBRARIES = YES;
				CODE_SIGN_STYLE = Automatic;
				CURRENT_PROJECT_VERSION = 1;
				GENERATE_INFOPLIST_FILE = YES;
				MARKETING_VERSION = 1.0;
				PRODUCT_BUNDLE_IDENTIFIER = com.JungJaeGeun.SwiftUIStudyUITests;
				PRODUCT_NAME = "$(TARGET_NAME)";
				SWIFT_EMIT_LOC_STRINGS = NO;
				SWIFT_VERSION = 5.0;
				TARGETED_DEVICE_FAMILY = "1,2";
				TEST_TARGET_NAME = SwiftUIStudy;
			};
			name = Debug;
		};
		351D6E15284E3630007B927C /* Release */ = {
			isa = XCBuildConfiguration;
			buildSettings = {
				ALWAYS_EMBED_SWIFT_STANDARD_LIBRARIES = YES;
				CODE_SIGN_STYLE = Automatic;
				CURRENT_PROJECT_VERSION = 1;
				GENERATE_INFOPLIST_FILE = YES;
				MARKETING_VERSION = 1.0;
				PRODUCT_BUNDLE_IDENTIFIER = com.JungJaeGeun.SwiftUIStudyUITests;
				PRODUCT_NAME = "$(TARGET_NAME)";
				SWIFT_EMIT_LOC_STRINGS = NO;
				SWIFT_VERSION = 5.0;
				TARGETED_DEVICE_FAMILY = "1,2";
				TEST_TARGET_NAME = SwiftUIStudy;
			};
			name = Release;
		};
/* End XCBuildConfiguration section */

/* Begin XCConfigurationList section */
		351D6DE4284E362F007B927C /* Build configuration list for PBXProject "SwiftUIStudy" */ = {
			isa = XCConfigurationList;
			buildConfigurations = (
				351D6E0B284E3630007B927C /* Debug */,
				351D6E0C284E3630007B927C /* Release */,
			);
			defaultConfigurationIsVisible = 0;
			defaultConfigurationName = Release;
		};
		351D6E0D284E3630007B927C /* Build configuration list for PBXNativeTarget "SwiftUIStudy" */ = {
			isa = XCConfigurationList;
			buildConfigurations = (
				351D6E0E284E3630007B927C /* Debug */,
				351D6E0F284E3630007B927C /* Release */,
			);
			defaultConfigurationIsVisible = 0;
			defaultConfigurationName = Release;
		};
		351D6E10284E3630007B927C /* Build configuration list for PBXNativeTarget "SwiftUIStudyTests" */ = {
			isa = XCConfigurationList;
			buildConfigurations = (
				351D6E11284E3630007B927C /* Debug */,
				351D6E12284E3630007B927C /* Release */,
			);
			defaultConfigurationIsVisible = 0;
			defaultConfigurationName = Release;
		};
		351D6E13284E3630007B927C /* Build configuration list for PBXNativeTarget "SwiftUIStudyUITests" */ = {
			isa = XCConfigurationList;
			buildConfigurations = (
				351D6E14284E3630007B927C /* Debug */,
				351D6E15284E3630007B927C /* Release */,
			);
			defaultConfigurationIsVisible = 0;
			defaultConfigurationName = Release;
		};
/* End XCConfigurationList section */
	};
	rootObject = 351D6DE1284E362F007B927C /* Project object */;
}
